// !$*UTF8*$!
{
	archiveVersion = 1;
	classes = {
	};
	objectVersion = 77;
	objects = {

/* Begin PBXBuildFile section */
		31F3ADDD371AF05DB12FCC29 /* libPods-BrewRoute.a in Frameworks */ = {isa = PBXBuildFile; fileRef = E338E31497BBD16050F24B6E /* libPods-BrewRoute.a */; };
		469CB419EC48F9F9F265B6E7 /* libPods-BrewRoute-BrewRouteUITests.a in Frameworks */ = {isa = PBXBuildFile; fileRef = 9C2F49E9E454CF4C62D1683F /* libPods-BrewRoute-BrewRouteUITests.a */; };
		BD8CFCC29816D35A6B89642B /* libPods-BrewRouteTests.a in Frameworks */ = {isa = PBXBuildFile; fileRef = B5440A0FCDE4AB028C53A9C4 /* libPods-BrewRouteTests.a */; };
/* End PBXBuildFile section */

/* Begin PBXContainerItemProxy section */
		09BF5EC82D6CF96000E34E4B /* PBXContainerItemProxy */ = {
			isa = PBXContainerItemProxy;
			containerPortal = 09BF5EAF2D6CF95E00E34E4B /* Project object */;
			proxyType = 1;
			remoteGlobalIDString = 09BF5EB62D6CF95E00E34E4B;
			remoteInfo = BrewRoute;
		};
		09BF5ED22D6CF96000E34E4B /* PBXContainerItemProxy */ = {
			isa = PBXContainerItemProxy;
			containerPortal = 09BF5EAF2D6CF95E00E34E4B /* Project object */;
			proxyType = 1;
			remoteGlobalIDString = 09BF5EB62D6CF95E00E34E4B;
			remoteInfo = BrewRoute;
		};
/* End PBXContainerItemProxy section */

/* Begin PBXFileReference section */
		086F8E0D58F68E4B7DE934B2 /* Pods-BrewRoute-BrewRouteUITests.debug.xcconfig */ = {isa = PBXFileReference; includeInIndex = 1; lastKnownFileType = text.xcconfig; name = "Pods-BrewRoute-BrewRouteUITests.debug.xcconfig"; path = "Target Support Files/Pods-BrewRoute-BrewRouteUITests/Pods-BrewRoute-BrewRouteUITests.debug.xcconfig"; sourceTree = "<group>"; };
		09BF5EB72D6CF95E00E34E4B /* BrewRoute.app */ = {isa = PBXFileReference; explicitFileType = wrapper.application; includeInIndex = 0; path = BrewRoute.app; sourceTree = BUILT_PRODUCTS_DIR; };
		09BF5EC72D6CF96000E34E4B /* BrewRouteTests.xctest */ = {isa = PBXFileReference; explicitFileType = wrapper.cfbundle; includeInIndex = 0; path = BrewRouteTests.xctest; sourceTree = BUILT_PRODUCTS_DIR; };
		09BF5ED12D6CF96000E34E4B /* BrewRouteUITests.xctest */ = {isa = PBXFileReference; explicitFileType = wrapper.cfbundle; includeInIndex = 0; path = BrewRouteUITests.xctest; sourceTree = BUILT_PRODUCTS_DIR; };
		3D90615079DCFE5AD07D69FF /* Pods-BrewRouteTests.release.xcconfig */ = {isa = PBXFileReference; includeInIndex = 1; lastKnownFileType = text.xcconfig; name = "Pods-BrewRouteTests.release.xcconfig"; path = "Target Support Files/Pods-BrewRouteTests/Pods-BrewRouteTests.release.xcconfig"; sourceTree = "<group>"; };
		3EFE9644803E997C6DAFFE09 /* Pods-BrewRoute.release.xcconfig */ = {isa = PBXFileReference; includeInIndex = 1; lastKnownFileType = text.xcconfig; name = "Pods-BrewRoute.release.xcconfig"; path = "Target Support Files/Pods-BrewRoute/Pods-BrewRoute.release.xcconfig"; sourceTree = "<group>"; };
		5FB984B5AA64481558E6D5CA /* Pods-BrewRoute.debug.xcconfig */ = {isa = PBXFileReference; includeInIndex = 1; lastKnownFileType = text.xcconfig; name = "Pods-BrewRoute.debug.xcconfig"; path = "Target Support Files/Pods-BrewRoute/Pods-BrewRoute.debug.xcconfig"; sourceTree = "<group>"; };
		9C2F49E9E454CF4C62D1683F /* libPods-BrewRoute-BrewRouteUITests.a */ = {isa = PBXFileReference; explicitFileType = archive.ar; includeInIndex = 0; path = "libPods-BrewRoute-BrewRouteUITests.a"; sourceTree = BUILT_PRODUCTS_DIR; };
		B08A1BAA4C4F9DA1EBB4844B /* Pods-BrewRouteTests.debug.xcconfig */ = {isa = PBXFileReference; includeInIndex = 1; lastKnownFileType = text.xcconfig; name = "Pods-BrewRouteTests.debug.xcconfig"; path = "Target Support Files/Pods-BrewRouteTests/Pods-BrewRouteTests.debug.xcconfig"; sourceTree = "<group>"; };
		B5440A0FCDE4AB028C53A9C4 /* libPods-BrewRouteTests.a */ = {isa = PBXFileReference; explicitFileType = archive.ar; includeInIndex = 0; path = "libPods-BrewRouteTests.a"; sourceTree = BUILT_PRODUCTS_DIR; };
		D1407EF8F7406F1C4CC9131B /* Pods-BrewRoute-BrewRouteUITests.release.xcconfig */ = {isa = PBXFileReference; includeInIndex = 1; lastKnownFileType = text.xcconfig; name = "Pods-BrewRoute-BrewRouteUITests.release.xcconfig"; path = "Target Support Files/Pods-BrewRoute-BrewRouteUITests/Pods-BrewRoute-BrewRouteUITests.release.xcconfig"; sourceTree = "<group>"; };
		E338E31497BBD16050F24B6E /* libPods-BrewRoute.a */ = {isa = PBXFileReference; explicitFileType = archive.ar; includeInIndex = 0; path = "libPods-BrewRoute.a"; sourceTree = BUILT_PRODUCTS_DIR; };
/* End PBXFileReference section */

/* Begin PBXFileSystemSynchronizedRootGroup section */
		09BF5EB92D6CF95E00E34E4B /* BrewRoute */ = {
			isa = PBXFileSystemSynchronizedRootGroup;
			path = BrewRoute;
			sourceTree = "<group>";
		};
		09BF5ECA2D6CF96000E34E4B /* BrewRouteTests */ = {
			isa = PBXFileSystemSynchronizedRootGroup;
			path = BrewRouteTests;
			sourceTree = "<group>";
		};
		09BF5ED42D6CF96000E34E4B /* BrewRouteUITests */ = {
			isa = PBXFileSystemSynchronizedRootGroup;
			path = BrewRouteUITests;
			sourceTree = "<group>";
		};
/* End PBXFileSystemSynchronizedRootGroup section */

/* Begin PBXFrameworksBuildPhase section */
		09BF5EB42D6CF95E00E34E4B /* Frameworks */ = {
			isa = PBXFrameworksBuildPhase;
			buildActionMask = 2147483647;
			files = (
				31F3ADDD371AF05DB12FCC29 /* libPods-BrewRoute.a in Frameworks */,
			);
			runOnlyForDeploymentPostprocessing = 0;
		};
		09BF5EC42D6CF96000E34E4B /* Frameworks */ = {
			isa = PBXFrameworksBuildPhase;
			buildActionMask = 2147483647;
			files = (
				BD8CFCC29816D35A6B89642B /* libPods-BrewRouteTests.a in Frameworks */,
			);
			runOnlyForDeploymentPostprocessing = 0;
		};
		09BF5ECE2D6CF96000E34E4B /* Frameworks */ = {
			isa = PBXFrameworksBuildPhase;
			buildActionMask = 2147483647;
			files = (
				469CB419EC48F9F9F265B6E7 /* libPods-BrewRoute-BrewRouteUITests.a in Frameworks */,
			);
			runOnlyForDeploymentPostprocessing = 0;
		};
/* End PBXFrameworksBuildPhase section */

/* Begin PBXGroup section */
		09BF5EAE2D6CF95E00E34E4B = {
			isa = PBXGroup;
			children = (
				09BF5EB92D6CF95E00E34E4B /* BrewRoute */,
				09BF5ECA2D6CF96000E34E4B /* BrewRouteTests */,
				09BF5ED42D6CF96000E34E4B /* BrewRouteUITests */,
				09BF5EB82D6CF95E00E34E4B /* Products */,
				5D69C479D9F58C7FEFFD9AD9 /* Pods */,
				6B8DBCFAF60094ED348316A8 /* Frameworks */,
			);
			sourceTree = "<group>";
		};
		09BF5EB82D6CF95E00E34E4B /* Products */ = {
			isa = PBXGroup;
			children = (
				09BF5EB72D6CF95E00E34E4B /* BrewRoute.app */,
				09BF5EC72D6CF96000E34E4B /* BrewRouteTests.xctest */,
				09BF5ED12D6CF96000E34E4B /* BrewRouteUITests.xctest */,
			);
			name = Products;
			sourceTree = "<group>";
		};
		5D69C479D9F58C7FEFFD9AD9 /* Pods */ = {
			isa = PBXGroup;
			children = (
				5FB984B5AA64481558E6D5CA /* Pods-BrewRoute.debug.xcconfig */,
				3EFE9644803E997C6DAFFE09 /* Pods-BrewRoute.release.xcconfig */,
				086F8E0D58F68E4B7DE934B2 /* Pods-BrewRoute-BrewRouteUITests.debug.xcconfig */,
				D1407EF8F7406F1C4CC9131B /* Pods-BrewRoute-BrewRouteUITests.release.xcconfig */,
				B08A1BAA4C4F9DA1EBB4844B /* Pods-BrewRouteTests.debug.xcconfig */,
				3D90615079DCFE5AD07D69FF /* Pods-BrewRouteTests.release.xcconfig */,
			);
			path = Pods;
			sourceTree = "<group>";
		};
		6B8DBCFAF60094ED348316A8 /* Frameworks */ = {
			isa = PBXGroup;
			children = (
				E338E31497BBD16050F24B6E /* libPods-BrewRoute.a */,
				9C2F49E9E454CF4C62D1683F /* libPods-BrewRoute-BrewRouteUITests.a */,
				B5440A0FCDE4AB028C53A9C4 /* libPods-BrewRouteTests.a */,
			);
			name = Frameworks;
			sourceTree = "<group>";
		};
/* End PBXGroup section */

/* Begin PBXNativeTarget section */
		09BF5EB62D6CF95E00E34E4B /* BrewRoute */ = {
			isa = PBXNativeTarget;
			buildConfigurationList = 09BF5EDB2D6CF96000E34E4B /* Build configuration list for PBXNativeTarget "BrewRoute" */;
			buildPhases = (
				6BF2A634DD5F7DCB34AF1EE2 /* [CP] Check Pods Manifest.lock */,
				09BF5EB32D6CF95E00E34E4B /* Sources */,
				09BF5EB42D6CF95E00E34E4B /* Frameworks */,
				09BF5EB52D6CF95E00E34E4B /* Resources */,
				C5A1500339E3AC1FB08325EE /* [CP] Copy Pods Resources */,
			);
			buildRules = (
			);
			dependencies = (
			);
			fileSystemSynchronizedGroups = (
				09BF5EB92D6CF95E00E34E4B /* BrewRoute */,
			);
			name = BrewRoute;
			productName = BrewRoute;
			productReference = 09BF5EB72D6CF95E00E34E4B /* BrewRoute.app */;
			productType = "com.apple.product-type.application";
		};
		09BF5EC62D6CF96000E34E4B /* BrewRouteTests */ = {
			isa = PBXNativeTarget;
			buildConfigurationList = 09BF5EDE2D6CF96000E34E4B /* Build configuration list for PBXNativeTarget "BrewRouteTests" */;
			buildPhases = (
				F19C8DF74A3D98E8BEDCCAC7 /* [CP] Check Pods Manifest.lock */,
				09BF5EC32D6CF96000E34E4B /* Sources */,
				09BF5EC42D6CF96000E34E4B /* Frameworks */,
				09BF5EC52D6CF96000E34E4B /* Resources */,
			);
			buildRules = (
			);
			dependencies = (
				09BF5EC92D6CF96000E34E4B /* PBXTargetDependency */,
			);
			fileSystemSynchronizedGroups = (
				09BF5ECA2D6CF96000E34E4B /* BrewRouteTests */,
			);
			name = BrewRouteTests;
			productName = BrewRouteTests;
			productReference = 09BF5EC72D6CF96000E34E4B /* BrewRouteTests.xctest */;
			productType = "com.apple.product-type.bundle.unit-test";
		};
		09BF5ED02D6CF96000E34E4B /* BrewRouteUITests */ = {
			isa = PBXNativeTarget;
			buildConfigurationList = 09BF5EE12D6CF96000E34E4B /* Build configuration list for PBXNativeTarget "BrewRouteUITests" */;
			buildPhases = (
				AA7CAB59319537B9DB9F3707 /* [CP] Check Pods Manifest.lock */,
				09BF5ECD2D6CF96000E34E4B /* Sources */,
				09BF5ECE2D6CF96000E34E4B /* Frameworks */,
				09BF5ECF2D6CF96000E34E4B /* Resources */,
				BF2B27FE2421877EE6326270 /* [CP] Copy Pods Resources */,
			);
			buildRules = (
			);
			dependencies = (
				09BF5ED32D6CF96000E34E4B /* PBXTargetDependency */,
			);
			fileSystemSynchronizedGroups = (
				09BF5ED42D6CF96000E34E4B /* BrewRouteUITests */,
			);
			name = BrewRouteUITests;
			productName = BrewRouteUITests;
			productReference = 09BF5ED12D6CF96000E34E4B /* BrewRouteUITests.xctest */;
			productType = "com.apple.product-type.bundle.ui-testing";
		};
/* End PBXNativeTarget section */

/* Begin PBXProject section */
		09BF5EAF2D6CF95E00E34E4B /* Project object */ = {
			isa = PBXProject;
			attributes = {
				BuildIndependentTargetsInParallel = 1;
				LastSwiftUpdateCheck = 1620;
				LastUpgradeCheck = 1620;
				TargetAttributes = {
					09BF5EB62D6CF95E00E34E4B = {
						CreatedOnToolsVersion = 16.2;
					};
					09BF5EC62D6CF96000E34E4B = {
						CreatedOnToolsVersion = 16.2;
						TestTargetID = 09BF5EB62D6CF95E00E34E4B;
					};
					09BF5ED02D6CF96000E34E4B = {
						CreatedOnToolsVersion = 16.2;
						TestTargetID = 09BF5EB62D6CF95E00E34E4B;
					};
				};
			};
			buildConfigurationList = 09BF5EB22D6CF95E00E34E4B /* Build configuration list for PBXProject "BrewRoute" */;
			developmentRegion = en;
			hasScannedForEncodings = 0;
			knownRegions = (
				en,
				Base,
			);
			mainGroup = 09BF5EAE2D6CF95E00E34E4B;
			minimizedProjectReferenceProxies = 1;
			packageReferences = (
				09A237892D6D0F9400350555 /* XCRemoteSwiftPackageReference "GoogleSignIn-iOS" */,
			);
			preferredProjectObjectVersion = 77;
			productRefGroup = 09BF5EB82D6CF95E00E34E4B /* Products */;
			projectDirPath = "";
			projectRoot = "";
			targets = (
				09BF5EB62D6CF95E00E34E4B /* BrewRoute */,
				09BF5EC62D6CF96000E34E4B /* BrewRouteTests */,
				09BF5ED02D6CF96000E34E4B /* BrewRouteUITests */,
			);
		};
/* End PBXProject section */

/* Begin PBXResourcesBuildPhase section */
		09BF5EB52D6CF95E00E34E4B /* Resources */ = {
			isa = PBXResourcesBuildPhase;
			buildActionMask = 2147483647;
			files = (
			);
			runOnlyForDeploymentPostprocessing = 0;
		};
		09BF5EC52D6CF96000E34E4B /* Resources */ = {
			isa = PBXResourcesBuildPhase;
			buildActionMask = 2147483647;
			files = (
			);
			runOnlyForDeploymentPostprocessing = 0;
		};
		09BF5ECF2D6CF96000E34E4B /* Resources */ = {
			isa = PBXResourcesBuildPhase;
			buildActionMask = 2147483647;
			files = (
			);
			runOnlyForDeploymentPostprocessing = 0;
		};
/* End PBXResourcesBuildPhase section */

/* Begin PBXShellScriptBuildPhase section */
		6BF2A634DD5F7DCB34AF1EE2 /* [CP] Check Pods Manifest.lock */ = {
			isa = PBXShellScriptBuildPhase;
			buildActionMask = 2147483647;
			files = (
			);
			inputFileListPaths = (
			);
			inputPaths = (
				"${PODS_PODFILE_DIR_PATH}/Podfile.lock",
				"${PODS_ROOT}/Manifest.lock",
			);
			name = "[CP] Check Pods Manifest.lock";
			outputFileListPaths = (
			);
			outputPaths = (
				"$(DERIVED_FILE_DIR)/Pods-BrewRoute-checkManifestLockResult.txt",
			);
			runOnlyForDeploymentPostprocessing = 0;
			shellPath = /bin/sh;
			shellScript = "diff \"${PODS_PODFILE_DIR_PATH}/Podfile.lock\" \"${PODS_ROOT}/Manifest.lock\" > /dev/null\nif [ $? != 0 ] ; then\n    # print error to STDERR\n    echo \"error: The sandbox is not in sync with the Podfile.lock. Run 'pod install' or update your CocoaPods installation.\" >&2\n    exit 1\nfi\n# This output is used by Xcode 'outputs' to avoid re-running this script phase.\necho \"SUCCESS\" > \"${SCRIPT_OUTPUT_FILE_0}\"\n";
			showEnvVarsInLog = 0;
		};
		AA7CAB59319537B9DB9F3707 /* [CP] Check Pods Manifest.lock */ = {
			isa = PBXShellScriptBuildPhase;
			buildActionMask = 2147483647;
			files = (
			);
			inputFileListPaths = (
			);
			inputPaths = (
				"${PODS_PODFILE_DIR_PATH}/Podfile.lock",
				"${PODS_ROOT}/Manifest.lock",
			);
			name = "[CP] Check Pods Manifest.lock";
			outputFileListPaths = (
			);
			outputPaths = (
				"$(DERIVED_FILE_DIR)/Pods-BrewRoute-BrewRouteUITests-checkManifestLockResult.txt",
			);
			runOnlyForDeploymentPostprocessing = 0;
			shellPath = /bin/sh;
			shellScript = "diff \"${PODS_PODFILE_DIR_PATH}/Podfile.lock\" \"${PODS_ROOT}/Manifest.lock\" > /dev/null\nif [ $? != 0 ] ; then\n    # print error to STDERR\n    echo \"error: The sandbox is not in sync with the Podfile.lock. Run 'pod install' or update your CocoaPods installation.\" >&2\n    exit 1\nfi\n# This output is used by Xcode 'outputs' to avoid re-running this script phase.\necho \"SUCCESS\" > \"${SCRIPT_OUTPUT_FILE_0}\"\n";
			showEnvVarsInLog = 0;
		};
		BF2B27FE2421877EE6326270 /* [CP] Copy Pods Resources */ = {
			isa = PBXShellScriptBuildPhase;
			buildActionMask = 2147483647;
			files = (
			);
			inputFileListPaths = (
				"${PODS_ROOT}/Target Support Files/Pods-BrewRoute-BrewRouteUITests/Pods-BrewRoute-BrewRouteUITests-resources-${CONFIGURATION}-input-files.xcfilelist",
			);
			name = "[CP] Copy Pods Resources";
			outputFileListPaths = (
				"${PODS_ROOT}/Target Support Files/Pods-BrewRoute-BrewRouteUITests/Pods-BrewRoute-BrewRouteUITests-resources-${CONFIGURATION}-output-files.xcfilelist",
			);
			runOnlyForDeploymentPostprocessing = 0;
			shellPath = /bin/sh;
			shellScript = "\"${PODS_ROOT}/Target Support Files/Pods-BrewRoute-BrewRouteUITests/Pods-BrewRoute-BrewRouteUITests-resources.sh\"\n";
			showEnvVarsInLog = 0;
		};
		C5A1500339E3AC1FB08325EE /* [CP] Copy Pods Resources */ = {
			isa = PBXShellScriptBuildPhase;
			buildActionMask = 2147483647;
			files = (
			);
			inputFileListPaths = (
				"${PODS_ROOT}/Target Support Files/Pods-BrewRoute/Pods-BrewRoute-resources-${CONFIGURATION}-input-files.xcfilelist",
			);
			name = "[CP] Copy Pods Resources";
			outputFileListPaths = (
				"${PODS_ROOT}/Target Support Files/Pods-BrewRoute/Pods-BrewRoute-resources-${CONFIGURATION}-output-files.xcfilelist",
			);
			runOnlyForDeploymentPostprocessing = 0;
			shellPath = /bin/sh;
			shellScript = "\"${PODS_ROOT}/Target Support Files/Pods-BrewRoute/Pods-BrewRoute-resources.sh\"\n";
			showEnvVarsInLog = 0;
		};
		F19C8DF74A3D98E8BEDCCAC7 /* [CP] Check Pods Manifest.lock */ = {
			isa = PBXShellScriptBuildPhase;
			buildActionMask = 2147483647;
			files = (
			);
			inputFileListPaths = (
			);
			inputPaths = (
				"${PODS_PODFILE_DIR_PATH}/Podfile.lock",
				"${PODS_ROOT}/Manifest.lock",
			);
			name = "[CP] Check Pods Manifest.lock";
			outputFileListPaths = (
			);
			outputPaths = (
				"$(DERIVED_FILE_DIR)/Pods-BrewRouteTests-checkManifestLockResult.txt",
			);
			runOnlyForDeploymentPostprocessing = 0;
			shellPath = /bin/sh;
			shellScript = "diff \"${PODS_PODFILE_DIR_PATH}/Podfile.lock\" \"${PODS_ROOT}/Manifest.lock\" > /dev/null\nif [ $? != 0 ] ; then\n    # print error to STDERR\n    echo \"error: The sandbox is not in sync with the Podfile.lock. Run 'pod install' or update your CocoaPods installation.\" >&2\n    exit 1\nfi\n# This output is used by Xcode 'outputs' to avoid re-running this script phase.\necho \"SUCCESS\" > \"${SCRIPT_OUTPUT_FILE_0}\"\n";
			showEnvVarsInLog = 0;
		};
/* End PBXShellScriptBuildPhase section */

/* Begin PBXSourcesBuildPhase section */
		09BF5EB32D6CF95E00E34E4B /* Sources */ = {
			isa = PBXSourcesBuildPhase;
			buildActionMask = 2147483647;
			files = (
			);
			runOnlyForDeploymentPostprocessing = 0;
		};
		09BF5EC32D6CF96000E34E4B /* Sources */ = {
			isa = PBXSourcesBuildPhase;
			buildActionMask = 2147483647;
			files = (
			);
			runOnlyForDeploymentPostprocessing = 0;
		};
		09BF5ECD2D6CF96000E34E4B /* Sources */ = {
			isa = PBXSourcesBuildPhase;
			buildActionMask = 2147483647;
			files = (
			);
			runOnlyForDeploymentPostprocessing = 0;
		};
/* End PBXSourcesBuildPhase section */

/* Begin PBXTargetDependency section */
		09BF5EC92D6CF96000E34E4B /* PBXTargetDependency */ = {
			isa = PBXTargetDependency;
			target = 09BF5EB62D6CF95E00E34E4B /* BrewRoute */;
			targetProxy = 09BF5EC82D6CF96000E34E4B /* PBXContainerItemProxy */;
		};
		09BF5ED32D6CF96000E34E4B /* PBXTargetDependency */ = {
			isa = PBXTargetDependency;
			target = 09BF5EB62D6CF95E00E34E4B /* BrewRoute */;
			targetProxy = 09BF5ED22D6CF96000E34E4B /* PBXContainerItemProxy */;
		};
/* End PBXTargetDependency section */

/* Begin XCBuildConfiguration section */
		09BF5ED92D6CF96000E34E4B /* Debug */ = {
			isa = XCBuildConfiguration;
			buildSettings = {
				ALWAYS_SEARCH_USER_PATHS = NO;
				ASSETCATALOG_COMPILER_GENERATE_SWIFT_ASSET_SYMBOL_EXTENSIONS = YES;
				CLANG_ANALYZER_NONNULL = YES;
				CLANG_ANALYZER_NUMBER_OBJECT_CONVERSION = YES_AGGRESSIVE;
				CLANG_CXX_LANGUAGE_STANDARD = "gnu++20";
				CLANG_ENABLE_MODULES = YES;
				CLANG_ENABLE_OBJC_ARC = YES;
				CLANG_ENABLE_OBJC_WEAK = YES;
				CLANG_WARN_BLOCK_CAPTURE_AUTORELEASING = YES;
				CLANG_WARN_BOOL_CONVERSION = YES;
				CLANG_WARN_COMMA = YES;
				CLANG_WARN_CONSTANT_CONVERSION = YES;
				CLANG_WARN_DEPRECATED_OBJC_IMPLEMENTATIONS = YES;
				CLANG_WARN_DIRECT_OBJC_ISA_USAGE = YES_ERROR;
				CLANG_WARN_DOCUMENTATION_COMMENTS = YES;
				CLANG_WARN_EMPTY_BODY = YES;
				CLANG_WARN_ENUM_CONVERSION = YES;
				CLANG_WARN_INFINITE_RECURSION = YES;
				CLANG_WARN_INT_CONVERSION = YES;
				CLANG_WARN_NON_LITERAL_NULL_CONVERSION = YES;
				CLANG_WARN_OBJC_IMPLICIT_RETAIN_SELF = YES;
				CLANG_WARN_OBJC_LITERAL_CONVERSION = YES;
				CLANG_WARN_OBJC_ROOT_CLASS = YES_ERROR;
				CLANG_WARN_QUOTED_INCLUDE_IN_FRAMEWORK_HEADER = YES;
				CLANG_WARN_RANGE_LOOP_ANALYSIS = YES;
				CLANG_WARN_STRICT_PROTOTYPES = YES;
				CLANG_WARN_SUSPICIOUS_MOVE = YES;
				CLANG_WARN_UNGUARDED_AVAILABILITY = YES_AGGRESSIVE;
				CLANG_WARN_UNREACHABLE_CODE = YES;
				CLANG_WARN__DUPLICATE_METHOD_MATCH = YES;
				COPY_PHASE_STRIP = NO;
				DEBUG_INFORMATION_FORMAT = dwarf;
				ENABLE_STRICT_OBJC_MSGSEND = YES;
				ENABLE_TESTABILITY = YES;
				ENABLE_USER_SCRIPT_SANDBOXING = YES;
				GCC_C_LANGUAGE_STANDARD = gnu17;
				GCC_DYNAMIC_NO_PIC = NO;
				GCC_NO_COMMON_BLOCKS = YES;
				GCC_OPTIMIZATION_LEVEL = 0;
				GCC_PREPROCESSOR_DEFINITIONS = (
					"DEBUG=1",
					"$(inherited)",
				);
				GCC_WARN_64_TO_32_BIT_CONVERSION = YES;
				GCC_WARN_ABOUT_RETURN_TYPE = YES_ERROR;
				GCC_WARN_UNDECLARED_SELECTOR = YES;
				GCC_WARN_UNINITIALIZED_AUTOS = YES_AGGRESSIVE;
				GCC_WARN_UNUSED_FUNCTION = YES;
				GCC_WARN_UNUSED_VARIABLE = YES;
				IPHONEOS_DEPLOYMENT_TARGET = 18.2;
				LOCALIZATION_PREFERS_STRING_CATALOGS = YES;
				MTL_ENABLE_DEBUG_INFO = INCLUDE_SOURCE;
				MTL_FAST_MATH = YES;
				ONLY_ACTIVE_ARCH = YES;
				SDKROOT = iphoneos;
				SWIFT_ACTIVE_COMPILATION_CONDITIONS = "DEBUG $(inherited)";
				SWIFT_OPTIMIZATION_LEVEL = "-Onone";
			};
			name = Debug;
		};
		09BF5EDA2D6CF96000E34E4B /* Release */ = {
			isa = XCBuildConfiguration;
			buildSettings = {
				ALWAYS_SEARCH_USER_PATHS = NO;
				ASSETCATALOG_COMPILER_GENERATE_SWIFT_ASSET_SYMBOL_EXTENSIONS = YES;
				CLANG_ANALYZER_NONNULL = YES;
				CLANG_ANALYZER_NUMBER_OBJECT_CONVERSION = YES_AGGRESSIVE;
				CLANG_CXX_LANGUAGE_STANDARD = "gnu++20";
				CLANG_ENABLE_MODULES = YES;
				CLANG_ENABLE_OBJC_ARC = YES;
				CLANG_ENABLE_OBJC_WEAK = YES;
				CLANG_WARN_BLOCK_CAPTURE_AUTORELEASING = YES;
				CLANG_WARN_BOOL_CONVERSION = YES;
				CLANG_WARN_COMMA = YES;
				CLANG_WARN_CONSTANT_CONVERSION = YES;
				CLANG_WARN_DEPRECATED_OBJC_IMPLEMENTATIONS = YES;
				CLANG_WARN_DIRECT_OBJC_ISA_USAGE = YES_ERROR;
				CLANG_WARN_DOCUMENTATION_COMMENTS = YES;
				CLANG_WARN_EMPTY_BODY = YES;
				CLANG_WARN_ENUM_CONVERSION = YES;
				CLANG_WARN_INFINITE_RECURSION = YES;
				CLANG_WARN_INT_CONVERSION = YES;
				CLANG_WARN_NON_LITERAL_NULL_CONVERSION = YES;
				CLANG_WARN_OBJC_IMPLICIT_RETAIN_SELF = YES;
				CLANG_WARN_OBJC_LITERAL_CONVERSION = YES;
				CLANG_WARN_OBJC_ROOT_CLASS = YES_ERROR;
				CLANG_WARN_QUOTED_INCLUDE_IN_FRAMEWORK_HEADER = YES;
				CLANG_WARN_RANGE_LOOP_ANALYSIS = YES;
				CLANG_WARN_STRICT_PROTOTYPES = YES;
				CLANG_WARN_SUSPICIOUS_MOVE = YES;
				CLANG_WARN_UNGUARDED_AVAILABILITY = YES_AGGRESSIVE;
				CLANG_WARN_UNREACHABLE_CODE = YES;
				CLANG_WARN__DUPLICATE_METHOD_MATCH = YES;
				COPY_PHASE_STRIP = NO;
				DEBUG_INFORMATION_FORMAT = "dwarf-with-dsym";
				ENABLE_NS_ASSERTIONS = NO;
				ENABLE_STRICT_OBJC_MSGSEND = YES;
				ENABLE_USER_SCRIPT_SANDBOXING = YES;
				GCC_C_LANGUAGE_STANDARD = gnu17;
				GCC_NO_COMMON_BLOCKS = YES;
				GCC_WARN_64_TO_32_BIT_CONVERSION = YES;
				GCC_WARN_ABOUT_RETURN_TYPE = YES_ERROR;
				GCC_WARN_UNDECLARED_SELECTOR = YES;
				GCC_WARN_UNINITIALIZED_AUTOS = YES_AGGRESSIVE;
				GCC_WARN_UNUSED_FUNCTION = YES;
				GCC_WARN_UNUSED_VARIABLE = YES;
				IPHONEOS_DEPLOYMENT_TARGET = 18.2;
				LOCALIZATION_PREFERS_STRING_CATALOGS = YES;
				MTL_ENABLE_DEBUG_INFO = NO;
				MTL_FAST_MATH = YES;
				SDKROOT = iphoneos;
				SWIFT_COMPILATION_MODE = wholemodule;
				VALIDATE_PRODUCT = YES;
			};
			name = Release;
		};
		09BF5EDC2D6CF96000E34E4B /* Debug */ = {
			isa = XCBuildConfiguration;
			baseConfigurationReference = 5FB984B5AA64481558E6D5CA /* Pods-BrewRoute.debug.xcconfig */;
			buildSettings = {
				ASSETCATALOG_COMPILER_APPICON_NAME = AppIcon;
				ASSETCATALOG_COMPILER_GLOBAL_ACCENT_COLOR_NAME = AccentColor;
				CODE_SIGN_STYLE = Automatic;
				CURRENT_PROJECT_VERSION = 1;
				DEVELOPMENT_ASSET_PATHS = "\"BrewRoute/Preview Content\"";
				ENABLE_PREVIEWS = YES;
				GENERATE_INFOPLIST_FILE = YES;
				INFOPLIST_KEY_UIApplicationSceneManifest_Generation = YES;
				INFOPLIST_KEY_UIApplicationSupportsIndirectInputEvents = YES;
				INFOPLIST_KEY_UILaunchScreen_Generation = YES;
				INFOPLIST_KEY_UISupportedInterfaceOrientations_iPad = "UIInterfaceOrientationPortrait UIInterfaceOrientationPortraitUpsideDown UIInterfaceOrientationLandscapeLeft UIInterfaceOrientationLandscapeRight";
				INFOPLIST_KEY_UISupportedInterfaceOrientations_iPhone = "UIInterfaceOrientationPortrait UIInterfaceOrientationLandscapeLeft UIInterfaceOrientationLandscapeRight";
				LD_RUNPATH_SEARCH_PATHS = (
					"$(inherited)",
					"@executable_path/Frameworks",
				);
				MARKETING_VERSION = 1.0;
				PRODUCT_BUNDLE_IDENTIFIER = "JDP-Studios.BrewRoute";
				PRODUCT_NAME = "$(TARGET_NAME)";
				SWIFT_EMIT_LOC_STRINGS = YES;
				SWIFT_VERSION = 5.0;
				TARGETED_DEVICE_FAMILY = "1,2";
			};
			name = Debug;
		};
		09BF5EDD2D6CF96000E34E4B /* Release */ = {
			isa = XCBuildConfiguration;
			baseConfigurationReference = 3EFE9644803E997C6DAFFE09 /* Pods-BrewRoute.release.xcconfig */;
			buildSettings = {
				ASSETCATALOG_COMPILER_APPICON_NAME = AppIcon;
				ASSETCATALOG_COMPILER_GLOBAL_ACCENT_COLOR_NAME = AccentColor;
				CODE_SIGN_STYLE = Automatic;
				CURRENT_PROJECT_VERSION = 1;
				DEVELOPMENT_ASSET_PATHS = "\"BrewRoute/Preview Content\"";
				ENABLE_PREVIEWS = YES;
				GENERATE_INFOPLIST_FILE = YES;
				INFOPLIST_KEY_UIApplicationSceneManifest_Generation = YES;
				INFOPLIST_KEY_UIApplicationSupportsIndirectInputEvents = YES;
				INFOPLIST_KEY_UILaunchScreen_Generation = YES;
				INFOPLIST_KEY_UISupportedInterfaceOrientations_iPad = "UIInterfaceOrientationPortrait UIInterfaceOrientationPortraitUpsideDown UIInterfaceOrientationLandscapeLeft UIInterfaceOrientationLandscapeRight";
				INFOPLIST_KEY_UISupportedInterfaceOrientations_iPhone = "UIInterfaceOrientationPortrait UIInterfaceOrientationLandscapeLeft UIInterfaceOrientationLandscapeRight";
				LD_RUNPATH_SEARCH_PATHS = (
					"$(inherited)",
					"@executable_path/Frameworks",
				);
				MARKETING_VERSION = 1.0;
				PRODUCT_BUNDLE_IDENTIFIER = "JDP-Studios.BrewRoute";
				PRODUCT_NAME = "$(TARGET_NAME)";
				SWIFT_EMIT_LOC_STRINGS = YES;
				SWIFT_VERSION = 5.0;
				TARGETED_DEVICE_FAMILY = "1,2";
			};
			name = Release;
		};
		09BF5EDF2D6CF96000E34E4B /* Debug */ = {
			isa = XCBuildConfiguration;
			baseConfigurationReference = B08A1BAA4C4F9DA1EBB4844B /* Pods-BrewRouteTests.debug.xcconfig */;
			buildSettings = {
				BUNDLE_LOADER = "$(TEST_HOST)";
				CODE_SIGN_STYLE = Automatic;
				CURRENT_PROJECT_VERSION = 1;
				GENERATE_INFOPLIST_FILE = YES;
				IPHONEOS_DEPLOYMENT_TARGET = 18.2;
				MARKETING_VERSION = 1.0;
				PRODUCT_BUNDLE_IDENTIFIER = "JDP-Studios.BrewRouteTests";
				PRODUCT_NAME = "$(TARGET_NAME)";
				SWIFT_EMIT_LOC_STRINGS = NO;
				SWIFT_VERSION = 5.0;
				TARGETED_DEVICE_FAMILY = "1,2";
				TEST_HOST = "$(BUILT_PRODUCTS_DIR)/BrewRoute.app/$(BUNDLE_EXECUTABLE_FOLDER_PATH)/BrewRoute";
			};
			name = Debug;
		};
		09BF5EE02D6CF96000E34E4B /* Release */ = {
			isa = XCBuildConfiguration;
			baseConfigurationReference = 3D90615079DCFE5AD07D69FF /* Pods-BrewRouteTests.release.xcconfig */;
			buildSettings = {
				BUNDLE_LOADER = "$(TEST_HOST)";
				CODE_SIGN_STYLE = Automatic;
				CURRENT_PROJECT_VERSION = 1;
				GENERATE_INFOPLIST_FILE = YES;
				IPHONEOS_DEPLOYMENT_TARGET = 18.2;
				MARKETING_VERSION = 1.0;
				PRODUCT_BUNDLE_IDENTIFIER = "JDP-Studios.BrewRouteTests";
				PRODUCT_NAME = "$(TARGET_NAME)";
				SWIFT_EMIT_LOC_STRINGS = NO;
				SWIFT_VERSION = 5.0;
				TARGETED_DEVICE_FAMILY = "1,2";
				TEST_HOST = "$(BUILT_PRODUCTS_DIR)/BrewRoute.app/$(BUNDLE_EXECUTABLE_FOLDER_PATH)/BrewRoute";
			};
			name = Release;
		};
		09BF5EE22D6CF96000E34E4B /* Debug */ = {
			isa = XCBuildConfiguration;
			baseConfigurationReference = 086F8E0D58F68E4B7DE934B2 /* Pods-BrewRoute-BrewRouteUITests.debug.xcconfig */;
			buildSettings = {
				CODE_SIGN_STYLE = Automatic;
				CURRENT_PROJECT_VERSION = 1;
				GENERATE_INFOPLIST_FILE = YES;
				MARKETING_VERSION = 1.0;
				PRODUCT_BUNDLE_IDENTIFIER = "JDP-Studios.BrewRouteUITests";
				PRODUCT_NAME = "$(TARGET_NAME)";
				SWIFT_EMIT_LOC_STRINGS = NO;
				SWIFT_VERSION = 5.0;
				TARGETED_DEVICE_FAMILY = "1,2";
				TEST_TARGET_NAME = BrewRoute;
			};
			name = Debug;
		};
		09BF5EE32D6CF96000E34E4B /* Release */ = {
			isa = XCBuildConfiguration;
			baseConfigurationReference = D1407EF8F7406F1C4CC9131B /* Pods-BrewRoute-BrewRouteUITests.release.xcconfig */;
			buildSettings = {
				CODE_SIGN_STYLE = Automatic;
				CURRENT_PROJECT_VERSION = 1;
				GENERATE_INFOPLIST_FILE = YES;
				MARKETING_VERSION = 1.0;
				PRODUCT_BUNDLE_IDENTIFIER = "JDP-Studios.BrewRouteUITests";
				PRODUCT_NAME = "$(TARGET_NAME)";
				SWIFT_EMIT_LOC_STRINGS = NO;
				SWIFT_VERSION = 5.0;
				TARGETED_DEVICE_FAMILY = "1,2";
				TEST_TARGET_NAME = BrewRoute;
			};
			name = Release;
		};
/* End XCBuildConfiguration section */

/* Begin XCConfigurationList section */
		09BF5EB22D6CF95E00E34E4B /* Build configuration list for PBXProject "BrewRoute" */ = {
			isa = XCConfigurationList;
			buildConfigurations = (
				09BF5ED92D6CF96000E34E4B /* Debug */,
				09BF5EDA2D6CF96000E34E4B /* Release */,
			);
			defaultConfigurationIsVisible = 0;
			defaultConfigurationName = Release;
		};
		09BF5EDB2D6CF96000E34E4B /* Build configuration list for PBXNativeTarget "BrewRoute" */ = {
			isa = XCConfigurationList;
			buildConfigurations = (
				09BF5EDC2D6CF96000E34E4B /* Debug */,
				09BF5EDD2D6CF96000E34E4B /* Release */,
			);
			defaultConfigurationIsVisible = 0;
			defaultConfigurationName = Release;
		};
		09BF5EDE2D6CF96000E34E4B /* Build configuration list for PBXNativeTarget "BrewRouteTests" */ = {
			isa = XCConfigurationList;
			buildConfigurations = (
				09BF5EDF2D6CF96000E34E4B /* Debug */,
				09BF5EE02D6CF96000E34E4B /* Release */,
			);
			defaultConfigurationIsVisible = 0;
			defaultConfigurationName = Release;
		};
		09BF5EE12D6CF96000E34E4B /* Build configuration list for PBXNativeTarget "BrewRouteUITests" */ = {
			isa = XCConfigurationList;
			buildConfigurations = (
				09BF5EE22D6CF96000E34E4B /* Debug */,
				09BF5EE32D6CF96000E34E4B /* Release */,
			);
			defaultConfigurationIsVisible = 0;
			defaultConfigurationName = Release;
		};
/* End XCConfigurationList section */

/* Begin XCRemoteSwiftPackageReference section */
		09A237892D6D0F9400350555 /* XCRemoteSwiftPackageReference "GoogleSignIn-iOS" */ = {
			isa = XCRemoteSwiftPackageReference;
			repositoryURL = "https://github.com/google/GoogleSignIn-iOS";
			requirement = {
				kind = upToNextMajorVersion;
				minimumVersion = 7.0.0;
			};
		};
/* End XCRemoteSwiftPackageReference section */
	};
	rootObject = 09BF5EAF2D6CF95E00E34E4B /* Project object */;
}
